github.com/aws/aws-sdk-go-v2 v1.47.1 h1:uOIZnp4PK3ZhKI0dNrJrhTEsLxbpXHTAJlwoS1pvAtw=
github.com/aws/aws-sdk-go-v2 v1.47.1/go.mod h1:bttEH6JqnUL8LepvDVfdrds/fZ5bCIxzpe3abyUrhDU=
github.com/aws/aws-sdk-go-v2/internal/configsources v1.5.4 h1:CLq4+8UHCI+ZZYl/EuJxXovaIVN2xeeT8JV+dsApQ5E=
github.com/aws/aws-sdk-go-v2/internal/configsources v1.5.4/go.mod h1:Wv4q5sAM04xAMkoOedxLx2inVf6K5FdxYp+A61L+q/0=
github.com/aws/aws-sdk-go-v2/internal/endpoints/v2 v2.8.4 h1:dD4MR81I7YkpEBRk6UP9rocC2QnT3qVuXwzlYTtfGEs=
github.com/aws/aws-sdk-go-v2/internal/endpoints/v2 v2.8.4/go.mod h1:EcXV1kAFd5XwSkDHlj94gnF3q5CkJyYiIJfH8N0VmrE=
github.com/aws/aws-sdk-go-v2/service/ec2 v1.336.1 h1:qiuU5+MtLJV2CAxLZYA/GPuvrsScBIk2am+QNAoHmMM=
github.com/aws/aws-sdk-go-v2/service/ec2 v1.336.1/go.mod h1:d0e0acsyS3WnFCFJiByGwnUgPpn2wAk97PTIksHN2NI=
github.com/aws/aws-sdk-go-v2/service/ecs v1.99.1 h1:rVVvtFSTJnHJ+tyrFvzvFGaKv09tygTCAHjFtHju6AY=
github.com/aws/aws-sdk-go-v2/service/ecs v1.99.1/go.mod h1:1BjycrF8UaNiy2N2Y+piEMKuOtoR7FeYwYTMhEY5Gp8=
github.com/aws/aws-sdk-go-v2/service/internal/accept-encoding v1.13.19 h1:bAdDl/HkGCcGPoe25ToSHEw23VIxt6CT5fLcg111BKg=
github.com/aws/aws-sdk-go-v2/service/internal/accept-encoding v1.13.19/go.mod h1:KaUzbLxv4CeSxh6ZCl9B4m7CuFenS8kUEaDs+f/DQr4=
github.com/aws/aws-sdk-go-v2/service/internal/presigned-url v1.14.4 h1:29SvnfGhXjTl8ONxFwbj2rs6lbhiFXD2CgFQmbT/bXY=
github.com/aws/aws-sdk-go-v2/service/internal/presigned-url v1.14.4/go.mod h1:wm04I5DMuNVvZHFe/dHnUxincvNbbK7AiNBbYsQivek=
github.com/aws/aws-sdk-go-v2/service/route53 v1.70.1 h1:M30ocYvHPt4GiQH9KHG89/O/EKYpxT2bFwASOBmPtBw=
github.com/aws/aws-sdk-go-v2/service/route53 v1.70.1/go.mod h1:120WTsKTWzoFwIpk9W1qJt7Uq51pRztY+pRcdLSiQxM=
github.com/aws/aws-sdk-go-v2/service/sns v1.47.2 h1:hAqjMqf85Ht/P69qoLoXAmCjWFaq5e2n1dCEgobkvf8=
github.com/aws/aws-sdk-go-v2/service/sns v1.47.2/go.mod h1:u1Rxkb4urNhfa5IAbBxPhNVsqWUkGku8IiZ5S5PFOFM=
github.com/aws/smithy-go v1.28.1 h1:R/nXH00c8qcfCzQVELtRw+eLQWtzv+VAIEFJ1/xxXlQ=
github.com/aws/smithy-go v1.28.1/go.mod h1:YE2RhdIuDbA5E5bTdciG9KrW3+TiEONeUWCqxX9i1Fc=
